
Microsoft Visual Studio Solution File, Format Version 12.00
# Visual Studio Version 16
VisualStudioVersion = 16.0.28809.33
MinimumVisualStudioVersion = 10.0.40219.1
Project("{FAE04EC0-301F-11D3-BF4B-00C04F79EFBC}") = "ReadingWrintingFile", "ReadingWrintingFile\ReadingWrintingFile.csproj", "{D8D945C3-A73A-4D1B-9B4E-3C49751E1FFB}"
EndProject
Global
	GlobalSection(SolutionConfigurationPlatforms) = preSolution
		Debug|Any CPU = Debug|Any CPU
		Release|Any CPU = Release|Any CPU
	EndGlobalSection
	GlobalSection(ProjectConfigurationPlatforms) = postSolution
		{D8D945C3-A73A-4D1B-9B4E-3C49751E1FFB}.Debug|Any CPU.ActiveCfg = Debug|Any CPU
		{D8D945C3-A73A-4D1B-9B4E-3C49751E1FFB}.Debug|Any CPU.Build.0 = Debug|Any CPU
		{D8D945C3-A73A-4D1B-9B4E-3C49751E1FFB}.Release|Any CPU.ActiveCfg = Release|Any CPU
		{D8D945C3-A73A-4D1B-9B4E-3C49751E1FFB}.Release|Any CPU.Build.0 = Release|Any CPU
	EndGlobalSection
	GlobalSection(SolutionProperties) = preSolution
		HideSolutionNode = FALSE
	EndGlobalSection
	GlobalSection(ExtensibilityGlobals) = postSolution
		SolutionGuid = {2B85D209-AA46-49D1-A12B-F723769A7170}
	EndGlobalSection
EndGlobal
