
Microsoft Visual Studio Solution File, Format Version 12.00
# Visual Studio Version 16
VisualStudioVersion = 16.0.28809.33
MinimumVisualStudioVersion = 10.0.40219.1
Project("{FAE04EC0-301F-11D3-BF4B-00C04F79EFBC}") = "month", "month\month.csproj", "{A30E22B5-C0E5-4FFC-9346-76E301C8E393}"
EndProject
Global
	GlobalSection(SolutionConfigurationPlatforms) = preSolution
		Debug|Any CPU = Debug|Any CPU
		Release|Any CPU = Release|Any CPU
	EndGlobalSection
	GlobalSection(ProjectConfigurationPlatforms) = postSolution
		{A30E22B5-C0E5-4FFC-9346-76E301C8E393}.Debug|Any CPU.ActiveCfg = Debug|Any CPU
		{A30E22B5-C0E5-4FFC-9346-76E301C8E393}.Debug|Any CPU.Build.0 = Debug|Any CPU
		{A30E22B5-C0E5-4FFC-9346-76E301C8E393}.Release|Any CPU.ActiveCfg = Release|Any CPU
		{A30E22B5-C0E5-4FFC-9346-76E301C8E393}.Release|Any CPU.Build.0 = Release|Any CPU
	EndGlobalSection
	GlobalSection(SolutionProperties) = preSolution
		HideSolutionNode = FALSE
	EndGlobalSection
	GlobalSection(ExtensibilityGlobals) = postSolution
		SolutionGuid = {06A2006E-AE03-4F84-9D7A-842E4FEAD760}
	EndGlobalSection
EndGlobal
