
Microsoft Visual Studio Solution File, Format Version 12.00
# Visual Studio Version 16
VisualStudioVersion = 16.0.28809.33
MinimumVisualStudioVersion = 10.0.40219.1
Project("{FAE04EC0-301F-11D3-BF4B-00C04F79EFBC}") = "ElemeataryRowOperation", "ElemeataryRowOperation\ElemeataryRowOperation.csproj", "{ECF60AAC-75B6-49B2-829D-F560DB599C73}"
EndProject
Global
	GlobalSection(SolutionConfigurationPlatforms) = preSolution
		Debug|Any CPU = Debug|Any CPU
		Release|Any CPU = Release|Any CPU
	EndGlobalSection
	GlobalSection(ProjectConfigurationPlatforms) = postSolution
		{ECF60AAC-75B6-49B2-829D-F560DB599C73}.Debug|Any CPU.ActiveCfg = Debug|Any CPU
		{ECF60AAC-75B6-49B2-829D-F560DB599C73}.Debug|Any CPU.Build.0 = Debug|Any CPU
		{ECF60AAC-75B6-49B2-829D-F560DB599C73}.Release|Any CPU.ActiveCfg = Release|Any CPU
		{ECF60AAC-75B6-49B2-829D-F560DB599C73}.Release|Any CPU.Build.0 = Release|Any CPU
	EndGlobalSection
	GlobalSection(SolutionProperties) = preSolution
		HideSolutionNode = FALSE
	EndGlobalSection
	GlobalSection(ExtensibilityGlobals) = postSolution
		SolutionGuid = {D6CD8F12-A5B2-4A73-A4CF-D067EEDA8262}
	EndGlobalSection
EndGlobal
